// !$*UTF8*$!
{
	archiveVersion = 1;
	classes = {
	};
	objectVersion = 45;
	objects = {

/* Begin PBXBuildFile section */
		66060350197D78560023305E /* AppKit.framework in Frameworks */ = {isa = PBXBuildFile; fileRef = 6606034F197D78560023305E /* AppKit.framework */; };
		66060352197D785A0023305E /* WebKit.framework in Frameworks */ = {isa = PBXBuildFile; fileRef = 66060351197D785A0023305E /* WebKit.framework */; };
		667D3274134B8147008BE572 /* HtmlPdfConverter.m in Sources */ = {isa = PBXBuildFile; fileRef = 667D3273134B8147008BE572 /* HtmlPdfConverter.m */; };
		667D3277134B8164008BE572 /* PaperSize.m in Sources */ = {isa = PBXBuildFile; fileRef = 667D3276134B8164008BE572 /* PaperSize.m */; };
		667D3324134B8D24008BE572 /* FileToConvert.m in Sources */ = {isa = PBXBuildFile; fileRef = 667D3323134B8D24008BE572 /* FileToConvert.m */; };
		667D338E134B947E008BE572 /* main.m in Sources */ = {isa = PBXBuildFile; fileRef = 667D338D134B947E008BE572 /* main.m */; };
		667D34B3134B9C81008BE572 /* Html2PdfApplicationDelegate.m in Sources */ = {isa = PBXBuildFile; fileRef = 667D34B2134B9C81008BE572 /* Html2PdfApplicationDelegate.m */; };
		8DD76F790486A8DE00D96B5E /* CoreFoundation.framework in Frameworks */ = {isa = PBXBuildFile; fileRef = 09AB6884FE841BABC02AAC07 /* CoreFoundation.framework */; };
/* End PBXBuildFile section */

/* Begin PBXCopyFilesBuildPhase section */
		8DD76F7B0486A8DE00D96B5E /* CopyFiles */ = {
			isa = PBXCopyFilesBuildPhase;
			buildActionMask = 8;
			dstPath = /usr/share/man/man1/;
			dstSubfolderSpec = 0;
			files = (
			);
			runOnlyForDeploymentPostprocessing = 1;
		};
/* End PBXCopyFilesBuildPhase section */

/* Begin PBXFileReference section */
		09AB6884FE841BABC02AAC07 /* CoreFoundation.framework */ = {isa = PBXFileReference; lastKnownFileType = wrapper.framework; name = CoreFoundation.framework; path = /System/Library/Frameworks/CoreFoundation.framework; sourceTree = "<absolute>"; };
		6606034F197D78560023305E /* AppKit.framework */ = {isa = PBXFileReference; lastKnownFileType = wrapper.framework; name = AppKit.framework; path = Platforms/MacOSX.platform/Developer/SDKs/MacOSX10.10.sdk/System/Library/Frameworks/AppKit.framework; sourceTree = DEVELOPER_DIR; };
		66060351197D785A0023305E /* WebKit.framework */ = {isa = PBXFileReference; lastKnownFileType = wrapper.framework; name = WebKit.framework; path = Platforms/MacOSX.platform/Developer/SDKs/MacOSX10.10.sdk/System/Library/Frameworks/WebKit.framework; sourceTree = DEVELOPER_DIR; };
		667D3272134B8147008BE572 /* HtmlPdfConverter.h */ = {isa = PBXFileReference; fileEncoding = 4; lastKnownFileType = sourcecode.c.h; path = HtmlPdfConverter.h; sourceTree = "<group>"; };
		667D3273134B8147008BE572 /* HtmlPdfConverter.m */ = {isa = PBXFileReference; fileEncoding = 4; lastKnownFileType = sourcecode.c.objc; path = HtmlPdfConverter.m; sourceTree = "<group>"; };
		667D3275134B8164008BE572 /* PaperSize.h */ = {isa = PBXFileReference; fileEncoding = 4; lastKnownFileType = sourcecode.c.h; path = PaperSize.h; sourceTree = "<group>"; };
		667D3276134B8164008BE572 /* PaperSize.m */ = {isa = PBXFileReference; fileEncoding = 4; lastKnownFileType = sourcecode.c.objc; path = PaperSize.m; sourceTree = "<group>"; };
		667D3322134B8D24008BE572 /* FileToConvert.h */ = {isa = PBXFileReference; fileEncoding = 4; lastKnownFileType = sourcecode.c.h; path = FileToConvert.h; sourceTree = "<group>"; };
		667D3323134B8D24008BE572 /* FileToConvert.m */ = {isa = PBXFileReference; fileEncoding = 4; lastKnownFileType = sourcecode.c.objc; path = FileToConvert.m; sourceTree = "<group>"; };
		667D338D134B947E008BE572 /* main.m */ = {isa = PBXFileReference; fileEncoding = 4; lastKnownFileType = sourcecode.c.objc; path = main.m; sourceTree = "<group>"; };
		667D34B1134B9C81008BE572 /* Html2PdfApplicationDelegate.h */ = {isa = PBXFileReference; fileEncoding = 4; lastKnownFileType = sourcecode.c.h; path = Html2PdfApplicationDelegate.h; sourceTree = "<group>"; };
		667D34B2134B9C81008BE572 /* Html2PdfApplicationDelegate.m */ = {isa = PBXFileReference; fileEncoding = 4; lastKnownFileType = sourcecode.c.objc; path = Html2PdfApplicationDelegate.m; sourceTree = "<group>"; };
		667D3548134BA50C008BE572 /* README.md */ = {isa = PBXFileReference; fileEncoding = 4; lastKnownFileType = text; path = README.md; sourceTree = "<group>"; };
		667D3549134BA582008BE572 /* COPYING */ = {isa = PBXFileReference; fileEncoding = 4; lastKnownFileType = text; path = COPYING; sourceTree = "<group>"; };
		8DD76F7E0486A8DE00D96B5E /* html2pdf */ = {isa = PBXFileReference; explicitFileType = "compiled.mach-o.executable"; includeInIndex = 0; path = html2pdf; sourceTree = BUILT_PRODUCTS_DIR; };
/* End PBXFileReference section */

/* Begin PBXFrameworksBuildPhase section */
		8DD76F780486A8DE00D96B5E /* Frameworks */ = {
			isa = PBXFrameworksBuildPhase;
			buildActionMask = 2147483647;
			files = (
				66060352197D785A0023305E /* WebKit.framework in Frameworks */,
				66060350197D78560023305E /* AppKit.framework in Frameworks */,
				8DD76F790486A8DE00D96B5E /* CoreFoundation.framework in Frameworks */,
			);
			runOnlyForDeploymentPostprocessing = 0;
		};
/* End PBXFrameworksBuildPhase section */

/* Begin PBXGroup section */
		08FB7794FE84155DC02AAC07 /* html2pdf */ = {
			isa = PBXGroup;
			children = (
				66060351197D785A0023305E /* WebKit.framework */,
				6606034F197D78560023305E /* AppKit.framework */,
				08FB7795FE84155DC02AAC07 /* Source */,
				C6859E96029091FE04C91782 /* Documentation */,
				08FB779DFE84155DC02AAC07 /* External Frameworks and Libraries */,
				19C28FBDFE9D53C911CA2CBB /* Products */,
				667D3549134BA582008BE572 /* COPYING */,
			);
			name = html2pdf;
			sourceTree = "<group>";
		};
		08FB7795FE84155DC02AAC07 /* Source */ = {
			isa = PBXGroup;
			children = (
				667D3272134B8147008BE572 /* HtmlPdfConverter.h */,
				667D3273134B8147008BE572 /* HtmlPdfConverter.m */,
				667D3275134B8164008BE572 /* PaperSize.h */,
				667D3276134B8164008BE572 /* PaperSize.m */,
				667D3322134B8D24008BE572 /* FileToConvert.h */,
				667D3323134B8D24008BE572 /* FileToConvert.m */,
				667D338D134B947E008BE572 /* main.m */,
				667D34B1134B9C81008BE572 /* Html2PdfApplicationDelegate.h */,
				667D34B2134B9C81008BE572 /* Html2PdfApplicationDelegate.m */,
			);
			name = Source;
			sourceTree = "<group>";
		};
		08FB779DFE84155DC02AAC07 /* External Frameworks and Libraries */ = {
			isa = PBXGroup;
			children = (
				09AB6884FE841BABC02AAC07 /* CoreFoundation.framework */,
			);
			name = "External Frameworks and Libraries";
			sourceTree = "<group>";
		};
		19C28FBDFE9D53C911CA2CBB /* Products */ = {
			isa = PBXGroup;
			children = (
				8DD76F7E0486A8DE00D96B5E /* html2pdf */,
			);
			name = Products;
			sourceTree = "<group>";
		};
		C6859E96029091FE04C91782 /* Documentation */ = {
			isa = PBXGroup;
			children = (
				667D3548134BA50C008BE572 /* README.md */,
			);
			name = Documentation;
			sourceTree = "<group>";
		};
/* End PBXGroup section */

/* Begin PBXNativeTarget section */
		8DD76F740486A8DE00D96B5E /* html2pdf */ = {
			isa = PBXNativeTarget;
			buildConfigurationList = 1DEB924708733DCA0010E9CD /* Build configuration list for PBXNativeTarget "html2pdf" */;
			buildPhases = (
				8DD76F760486A8DE00D96B5E /* Sources */,
				8DD76F780486A8DE00D96B5E /* Frameworks */,
				8DD76F7B0486A8DE00D96B5E /* CopyFiles */,
			);
			buildRules = (
			);
			dependencies = (
			);
			name = html2pdf;
			productInstallPath = "$(HOME)/bin";
			productName = html2pdf;
			productReference = 8DD76F7E0486A8DE00D96B5E /* html2pdf */;
			productType = "com.apple.product-type.tool";
		};
/* End PBXNativeTarget section */

/* Begin PBXProject section */
		08FB7793FE84155DC02AAC07 /* Project object */ = {
			isa = PBXProject;
			attributes = {
			};
			buildConfigurationList = 1DEB924B08733DCA0010E9CD /* Build configuration list for PBXProject "html2pdf" */;
			compatibilityVersion = "Xcode 3.1";
			developmentRegion = English;
			hasScannedForEncodings = 1;
			knownRegions = (
				English,
				Japanese,
				French,
				German,
			);
			mainGroup = 08FB7794FE84155DC02AAC07 /* html2pdf */;
			projectDirPath = "";
			projectRoot = "";
			targets = (
				8DD76F740486A8DE00D96B5E /* html2pdf */,
			);
		};
/* End PBXProject section */

/* Begin PBXSourcesBuildPhase section */
		8DD76F760486A8DE00D96B5E /* Sources */ = {
			isa = PBXSourcesBuildPhase;
			buildActionMask = 2147483647;
			files = (
				667D3274134B8147008BE572 /* HtmlPdfConverter.m in Sources */,
				667D3277134B8164008BE572 /* PaperSize.m in Sources */,
				667D3324134B8D24008BE572 /* FileToConvert.m in Sources */,
				667D338E134B947E008BE572 /* main.m in Sources */,
				667D34B3134B9C81008BE572 /* Html2PdfApplicationDelegate.m in Sources */,
			);
			runOnlyForDeploymentPostprocessing = 0;
		};
/* End PBXSourcesBuildPhase section */

/* Begin XCBuildConfiguration section */
		1DEB924808733DCA0010E9CD /* Debug */ = {
			isa = XCBuildConfiguration;
			buildSettings = {
				ALWAYS_SEARCH_USER_PATHS = NO;
				COPY_PHASE_STRIP = NO;
				GCC_DYNAMIC_NO_PIC = NO;
				GCC_ENABLE_FIX_AND_CONTINUE = YES;
				GCC_MODEL_TUNING = G5;
				GCC_OPTIMIZATION_LEVEL = 0;
				INSTALL_PATH = /usr/local/bin;
				MACOSX_DEPLOYMENT_TARGET = 10.4;
				PRODUCT_NAME = html2pdf;
				SDKROOT = "";
			};
			name = Debug;
		};
		1DEB924908733DCA0010E9CD /* Release */ = {
			isa = XCBuildConfiguration;
			buildSettings = {
				ALWAYS_SEARCH_USER_PATHS = NO;
				DEBUG_INFORMATION_FORMAT = "dwarf-with-dsym";
				GCC_MODEL_TUNING = G5;
				INSTALL_PATH = /usr/local/bin;
				MACOSX_DEPLOYMENT_TARGET = 10.4;
				PRODUCT_NAME = html2pdf;
				SDKROOT = "";
			};
			name = Release;
		};
		1DEB924C08733DCA0010E9CD /* Debug */ = {
			isa = XCBuildConfiguration;
			buildSettings = {
				ARCHS = "$(ARCHS_STANDARD_32_64_BIT)";
				GCC_C_LANGUAGE_STANDARD = gnu99;
				GCC_OPTIMIZATION_LEVEL = 0;
				GCC_WARN_ABOUT_RETURN_TYPE = YES;
				GCC_WARN_UNUSED_VARIABLE = YES;
				ONLY_ACTIVE_ARCH = YES;
				PREBINDING = NO;
				SDKROOT = macosx10.4;
			};
			name = Debug;
		};
		1DEB924D08733DCA0010E9CD /* Release */ = {
			isa = XCBuildConfiguration;
			buildSettings = {
				ARCHS = "$(ARCHS_STANDARD_32_64_BIT)";
				GCC_C_LANGUAGE_STANDARD = gnu99;
				GCC_VERSION = "";
				GCC_WARN_ABOUT_RETURN_TYPE = YES;
				GCC_WARN_UNUSED_VARIABLE = YES;
				PREBINDING = NO;
				SDKROOT = macosx10.5;
			};
			name = Release;
		};
/* End XCBuildConfiguration section */

/* Begin XCConfigurationList section */
		1DEB924708733DCA0010E9CD /* Build configuration list for PBXNativeTarget "html2pdf" */ = {
			isa = XCConfigurationList;
			buildConfigurations = (
				1DEB924808733DCA0010E9CD /* Debug */,
				1DEB924908733DCA0010E9CD /* Release */,
			);
			defaultConfigurationIsVisible = 0;
			defaultConfigurationName = Release;
		};
		1DEB924B08733DCA0010E9CD /* Build configuration list for PBXProject "html2pdf" */ = {
			isa = XCConfigurationList;
			buildConfigurations = (
				1DEB924C08733DCA0010E9CD /* Debug */,
				1DEB924D08733DCA0010E9CD /* Release */,
			);
			defaultConfigurationIsVisible = 0;
			defaultConfigurationName = Release;
		};
/* End XCConfigurationList section */
	};
	rootObject = 08FB7793FE84155DC02AAC07 /* Project object */;
}
